
Microsoft Visual Studio Solution File, Format Version 12.00
# Visual Studio Version 17
VisualStudioVersion = 17.8.34330.188
MinimumVisualStudioVersion = 10.0.40219.1
Project("{9A19103F-16F7-4668-BE54-9A1E7A4F7556}") = "SMDisLabSys.Common", "SMDisLabSys.Common\SMDisLabSys.Common.csproj", "{9EC20DB2-1A12-46DA-B2CF-E756D7243801}"
EndProject
Project("{9A19103F-16F7-4668-BE54-9A1E7A4F7556}") = "SMDisLabSys.Style", "SMDisLabSys.Style\SMDisLabSys.Style.csproj", "{CE039AF5-1004-476F-8B3C-8AA48262693F}"
EndProject
Project("{FAE04EC0-301F-11D3-BF4B-00C04F79EFBC}") = "SMDisLabSys.BLL", "SMDisLabSys.BLL\SMDisLabSys.BLL.csproj", "{D4042F0F-0216-4C10-935A-6E2C7943D342}"
EndProject
Project("{FAE04EC0-301F-11D3-BF4B-00C04F79EFBC}") = "SMDisLabSys", "SMDisLabSys\SMDisLabSys.csproj", "{1F2E3E22-AFD9-B8B1-1F3D-9DCCCA478F8F}"
EndProject
Global
	GlobalSection(SolutionConfigurationPlatforms) = preSolution
		Debug|Any CPU = Debug|Any CPU
		Release|Any CPU = Release|Any CPU
	EndGlobalSection
	GlobalSection(ProjectConfigurationPlatforms) = postSolution
		{9EC20DB2-1A12-46DA-B2CF-E756D7243801}.Debug|Any CPU.ActiveCfg = Debug|Any CPU
		{9EC20DB2-1A12-46DA-B2CF-E756D7243801}.Debug|Any CPU.Build.0 = Debug|Any CPU
		{9EC20DB2-1A12-46DA-B2CF-E756D7243801}.Release|Any CPU.ActiveCfg = Release|Any CPU
		{9EC20DB2-1A12-46DA-B2CF-E756D7243801}.Release|Any CPU.Build.0 = Release|Any CPU
		{CE039AF5-1004-476F-8B3C-8AA48262693F}.Debug|Any CPU.ActiveCfg = Debug|Any CPU
		{CE039AF5-1004-476F-8B3C-8AA48262693F}.Debug|Any CPU.Build.0 = Debug|Any CPU
		{CE039AF5-1004-476F-8B3C-8AA48262693F}.Release|Any CPU.ActiveCfg = Release|Any CPU
		{CE039AF5-1004-476F-8B3C-8AA48262693F}.Release|Any CPU.Build.0 = Release|Any CPU
		{D4042F0F-0216-4C10-935A-6E2C7943D342}.Debug|Any CPU.ActiveCfg = Debug|Any CPU
		{D4042F0F-0216-4C10-935A-6E2C7943D342}.Debug|Any CPU.Build.0 = Debug|Any CPU
		{D4042F0F-0216-4C10-935A-6E2C7943D342}.Release|Any CPU.ActiveCfg = Release|Any CPU
		{D4042F0F-0216-4C10-935A-6E2C7943D342}.Release|Any CPU.Build.0 = Release|Any CPU
		{1F2E3E22-AFD9-B8B1-1F3D-9DCCCA478F8F}.Debug|Any CPU.ActiveCfg = Debug|Any CPU
		{1F2E3E22-AFD9-B8B1-1F3D-9DCCCA478F8F}.Debug|Any CPU.Build.0 = Debug|Any CPU
		{1F2E3E22-AFD9-B8B1-1F3D-9DCCCA478F8F}.Release|Any CPU.ActiveCfg = Release|Any CPU
		{1F2E3E22-AFD9-B8B1-1F3D-9DCCCA478F8F}.Release|Any CPU.Build.0 = Release|Any CPU
	EndGlobalSection
	GlobalSection(SolutionProperties) = preSolution
		HideSolutionNode = FALSE
	EndGlobalSection
	GlobalSection(ExtensibilityGlobals) = postSolution
		SolutionGuid = {B6C0533D-C928-4F1A-96E5-2309D9D99DC1}
	EndGlobalSection
EndGlobal
